
Microsoft Visual Studio Solution File, Format Version 12.00
# Visual Studio Version 17
VisualStudioVersion = 17.13.36105.23 d17.13
MinimumVisualStudioVersion = 10.0.40219.1
Project("{888888A0-9F3D-457C-B088-3A5042F75D52}") = "BC_RiskPrediction", "BC_RiskPrediction.pyproj", "{26FC392D-55F4-4F00-8D48-E1512CCE8DF9}"
EndProject
Global
	GlobalSection(SolutionConfigurationPlatforms) = preSolution
		Debug|Any CPU = Debug|Any CPU
		Release|Any CPU = Release|Any CPU
	EndGlobalSection
	GlobalSection(ProjectConfigurationPlatforms) = postSolution
		{26FC392D-55F4-4F00-8D48-E1512CCE8DF9}.Debug|Any CPU.ActiveCfg = Debug|Any CPU
		{26FC392D-55F4-4F00-8D48-E1512CCE8DF9}.Release|Any CPU.ActiveCfg = Release|Any CPU
	EndGlobalSection
	GlobalSection(SolutionProperties) = preSolution
		HideSolutionNode = FALSE
	EndGlobalSection
	GlobalSection(ExtensibilityGlobals) = postSolution
		SolutionGuid = {16B9EE8D-18AB-4680-A476-9D8C68F66EC3}
	EndGlobalSection
EndGlobal
